<Solution>
  <Folder Name="/modules/" />
  <Folder Name="/modules/custom-tags/">
    <Project Path="modules/custom-tags/K4-Zenith-CustomTags.csproj" />
  </Folder>
  <Folder Name="/modules/ranks/">
    <Project Path="modules/ranks/K4-Zenith-Ranks.csproj" />
  </Folder>
  <Folder Name="/modules/statistics/">
    <Project Path="modules/statistics/K4-Zenith-Stats.csproj" />
  </Folder>
  <Folder Name="/modules/time-stats/">
    <Project Path="modules/time-stats/K4-Zenith-TimeStats.csproj" />
  </Folder>
  <Folder Name="/modules/toplists/">
    <Project Path="modules/toplists/K4-Zenith-Toplists.csproj" />
  </Folder>
  <Folder Name="/src-api/">
    <Project Path="src-api/K4-ZenithAPI.csproj" />
  </Folder>
  <Folder Name="/src/">
    <Project Path="src/K4-Zenith.csproj" />
  </Folder>
</Solution>
